
Microsoft Visual Studio Solution File, Format Version 12.00
# Visual Studio Version 17
VisualStudioVersion = 17.1.32421.90
MinimumVisualStudioVersion = 10.0.40219.1
Project("{9A19103F-16F7-4668-BE54-9A1E7A4F7556}") = "AmirImamTask.API", "AmirImamTask.API\AmirImamTask.API.csproj", "{79A06055-E411-4FE1-8B74-6F361A38CB87}"
EndProject
Project("{9A19103F-16F7-4668-BE54-9A1E7A4F7556}") = "AmirImamTask.DataServices", "AmirImamTask.DataServices\AmirImamTask.DataServices.csproj", "{5139C4DA-9D75-46AA-8D50-05C555A3F3E7}"
EndProject
Project("{9A19103F-16F7-4668-BE54-9A1E7A4F7556}") = "AmirImamTask.Entities", "AmirImamTask.Entities\AmirImamTask.Entities.csproj", "{ABADB0E3-4ACD-48BF-97FA-BEFB18F79644}"
EndProject
Project("{9A19103F-16F7-4668-BE54-9A1E7A4F7556}") = "AmirImamTask.BusinessServices", "AmirImamTask.BusinessServices\AmirImamTask.BusinessServices.csproj", "{177F1AA1-6277-4147-B474-8ACB7002E00F}"
EndProject
Project("{9A19103F-16F7-4668-BE54-9A1E7A4F7556}") = "AmirImamTask.APITests", "AmirImamTask.APITests\AmirImamTask.APITests.csproj", "{DFEE7D3A-CE80-4A72-8B91-D3F3F6277348}"
EndProject
Project("{FAE04EC0-301F-11D3-BF4B-00C04F79EFBC}") = "AmirImamTask.BlazorUI", "AmirImamTask.BlazorUI\AmirImamTask.BlazorUI.csproj", "{218768F9-9846-4366-9640-1A100EBCA052}"
EndProject
Project("{2150E333-8FDC-42A3-9474-1A3956D46DE8}") = "Server", "Server", "{48514312-9F47-4D07-8FD2-AD31AAC98D41}"
EndProject
Project("{2150E333-8FDC-42A3-9474-1A3956D46DE8}") = "Tests", "Tests", "{3916DD9C-DAEC-4D10-8F0D-FDF296FC2727}"
EndProject
Project("{2150E333-8FDC-42A3-9474-1A3956D46DE8}") = "Shared", "Shared", "{CE17EADB-C810-435F-8F85-900A6C954BA3}"
EndProject
Project("{2150E333-8FDC-42A3-9474-1A3956D46DE8}") = "UI", "UI", "{AAEF6B90-CC4B-4ACC-B6E7-22190A5E501F}"
EndProject
Project("{2150E333-8FDC-42A3-9474-1A3956D46DE8}") = "Services", "Services", "{15690E98-4B21-47DB-A45B-002D833D76F2}"
EndProject
Project("{FAE04EC0-301F-11D3-BF4B-00C04F79EFBC}") = "AmirImamTask.ClientServices", "AmirImamTask.ClientServices\AmirImamTask.ClientServices.csproj", "{9EFC5C4F-58D8-4545-A7A6-5E9226646D9C}"
EndProject
Global
	GlobalSection(SolutionConfigurationPlatforms) = preSolution
		Debug|Any CPU = Debug|Any CPU
		Release|Any CPU = Release|Any CPU
	EndGlobalSection
	GlobalSection(ProjectConfigurationPlatforms) = postSolution
		{79A06055-E411-4FE1-8B74-6F361A38CB87}.Debug|Any CPU.ActiveCfg = Debug|Any CPU
		{79A06055-E411-4FE1-8B74-6F361A38CB87}.Debug|Any CPU.Build.0 = Debug|Any CPU
		{79A06055-E411-4FE1-8B74-6F361A38CB87}.Release|Any CPU.ActiveCfg = Release|Any CPU
		{79A06055-E411-4FE1-8B74-6F361A38CB87}.Release|Any CPU.Build.0 = Release|Any CPU
		{5139C4DA-9D75-46AA-8D50-05C555A3F3E7}.Debug|Any CPU.ActiveCfg = Debug|Any CPU
		{5139C4DA-9D75-46AA-8D50-05C555A3F3E7}.Debug|Any CPU.Build.0 = Debug|Any CPU
		{5139C4DA-9D75-46AA-8D50-05C555A3F3E7}.Release|Any CPU.ActiveCfg = Release|Any CPU
		{5139C4DA-9D75-46AA-8D50-05C555A3F3E7}.Release|Any CPU.Build.0 = Release|Any CPU
		{ABADB0E3-4ACD-48BF-97FA-BEFB18F79644}.Debug|Any CPU.ActiveCfg = Debug|Any CPU
		{ABADB0E3-4ACD-48BF-97FA-BEFB18F79644}.Debug|Any CPU.Build.0 = Debug|Any CPU
		{ABADB0E3-4ACD-48BF-97FA-BEFB18F79644}.Release|Any CPU.ActiveCfg = Release|Any CPU
		{ABADB0E3-4ACD-48BF-97FA-BEFB18F79644}.Release|Any CPU.Build.0 = Release|Any CPU
		{177F1AA1-6277-4147-B474-8ACB7002E00F}.Debug|Any CPU.ActiveCfg = Debug|Any CPU
		{177F1AA1-6277-4147-B474-8ACB7002E00F}.Debug|Any CPU.Build.0 = Debug|Any CPU
		{177F1AA1-6277-4147-B474-8ACB7002E00F}.Release|Any CPU.ActiveCfg = Release|Any CPU
		{177F1AA1-6277-4147-B474-8ACB7002E00F}.Release|Any CPU.Build.0 = Release|Any CPU
		{DFEE7D3A-CE80-4A72-8B91-D3F3F6277348}.Debug|Any CPU.ActiveCfg = Debug|Any CPU
		{DFEE7D3A-CE80-4A72-8B91-D3F3F6277348}.Debug|Any CPU.Build.0 = Debug|Any CPU
		{DFEE7D3A-CE80-4A72-8B91-D3F3F6277348}.Release|Any CPU.ActiveCfg = Release|Any CPU
		{DFEE7D3A-CE80-4A72-8B91-D3F3F6277348}.Release|Any CPU.Build.0 = Release|Any CPU
		{218768F9-9846-4366-9640-1A100EBCA052}.Debug|Any CPU.ActiveCfg = Debug|Any CPU
		{218768F9-9846-4366-9640-1A100EBCA052}.Debug|Any CPU.Build.0 = Debug|Any CPU
		{218768F9-9846-4366-9640-1A100EBCA052}.Release|Any CPU.ActiveCfg = Release|Any CPU
		{218768F9-9846-4366-9640-1A100EBCA052}.Release|Any CPU.Build.0 = Release|Any CPU
		{9EFC5C4F-58D8-4545-A7A6-5E9226646D9C}.Debug|Any CPU.ActiveCfg = Debug|Any CPU
		{9EFC5C4F-58D8-4545-A7A6-5E9226646D9C}.Debug|Any CPU.Build.0 = Debug|Any CPU
		{9EFC5C4F-58D8-4545-A7A6-5E9226646D9C}.Release|Any CPU.ActiveCfg = Release|Any CPU
		{9EFC5C4F-58D8-4545-A7A6-5E9226646D9C}.Release|Any CPU.Build.0 = Release|Any CPU
	EndGlobalSection
	GlobalSection(SolutionProperties) = preSolution
		HideSolutionNode = FALSE
	EndGlobalSection
	GlobalSection(NestedProjects) = preSolution
		{79A06055-E411-4FE1-8B74-6F361A38CB87} = {48514312-9F47-4D07-8FD2-AD31AAC98D41}
		{5139C4DA-9D75-46AA-8D50-05C555A3F3E7} = {48514312-9F47-4D07-8FD2-AD31AAC98D41}
		{ABADB0E3-4ACD-48BF-97FA-BEFB18F79644} = {CE17EADB-C810-435F-8F85-900A6C954BA3}
		{177F1AA1-6277-4147-B474-8ACB7002E00F} = {15690E98-4B21-47DB-A45B-002D833D76F2}
		{DFEE7D3A-CE80-4A72-8B91-D3F3F6277348} = {3916DD9C-DAEC-4D10-8F0D-FDF296FC2727}
		{218768F9-9846-4366-9640-1A100EBCA052} = {AAEF6B90-CC4B-4ACC-B6E7-22190A5E501F}
		{9EFC5C4F-58D8-4545-A7A6-5E9226646D9C} = {15690E98-4B21-47DB-A45B-002D833D76F2}
	EndGlobalSection
	GlobalSection(ExtensibilityGlobals) = postSolution
		SolutionGuid = {CF03BC3C-6584-4691-8E7F-BE05B59CA2D4}
	EndGlobalSection
EndGlobal
